// !$*UTF8*$!
{
	archiveVersion = 1;
	classes = {
	};
	objectVersion = 46;
	objects = {

/* Begin PBXBuildFile section */
		946EE9D51841977600AD0B11 /* MainMenu.xib in Resources */ = {isa = PBXBuildFile; fileRef = 946EE9D31841977600AD0B11 /* MainMenu.xib */; };
		946EE9D81841978000AD0B11 /* LITAppDelegate.mm in Sources */ = {isa = PBXBuildFile; fileRef = 946EE9D71841978000AD0B11 /* LITAppDelegate.mm */; };
		946EEA3F184197EF00AD0B11 /* Audio.cpp in Sources */ = {isa = PBXBuildFile; fileRef = 946EE9DA184197EF00AD0B11 /* Audio.cpp */; };
		946EEA40184197EF00AD0B11 /* BandMeterFoo.cpp in Sources */ = {isa = PBXBuildFile; fileRef = 946EE9DC184197EF00AD0B11 /* BandMeterFoo.cpp */; };
		946EEA41184197EF00AD0B11 /* Battery.cpp in Sources */ = {isa = PBXBuildFile; fileRef = 946EE9DE184197EF00AD0B11 /* Battery.cpp */; };
		946EEA42184197EF00AD0B11 /* Button.cpp in Sources */ = {isa = PBXBuildFile; fileRef = 946EE9E0184197EF00AD0B11 /* Button.cpp */; };
		946EEA43184197EF00AD0B11 /* ChargedFoo.cpp in Sources */ = {isa = PBXBuildFile; fileRef = 946EE9E2184197EF00AD0B11 /* ChargedFoo.cpp */; };
		946EEA44184197EF00AD0B11 /* CirclesFoo.cpp in Sources */ = {isa = PBXBuildFile; fileRef = 946EE9E4184197EF00AD0B11 /* CirclesFoo.cpp */; };
		946EEA45184197EF00AD0B11 /* Color.cpp in Sources */ = {isa = PBXBuildFile; fileRef = 946EE9E6184197EF00AD0B11 /* Color.cpp */; };
		946EEA46184197EF00AD0B11 /* CustomFoos.cpp in Sources */ = {isa = PBXBuildFile; fileRef = 946EE9E8184197EF00AD0B11 /* CustomFoos.cpp */; };
		946EEA47184197EF00AD0B11 /* EMFoo.cpp in Sources */ = {isa = PBXBuildFile; fileRef = 946EE9EA184197EF00AD0B11 /* EMFoo.cpp */; };
		946EEA48184197EF00AD0B11 /* EphemeralSnakesFoo.cpp in Sources */ = {isa = PBXBuildFile; fileRef = 946EE9EC184197EF00AD0B11 /* EphemeralSnakesFoo.cpp */; };
		946EEA49184197EF00AD0B11 /* EventFoo.cpp in Sources */ = {isa = PBXBuildFile; fileRef = 946EE9EE184197EF00AD0B11 /* EventFoo.cpp */; };
		946EEA4A184197EF00AD0B11 /* Foo.cpp in Sources */ = {isa = PBXBuildFile; fileRef = 946EE9F0184197EF00AD0B11 /* Foo.cpp */; };
		946EEA4B184197EF00AD0B11 /* Foo2.cpp in Sources */ = {isa = PBXBuildFile; fileRef = 946EE9F2184197EF00AD0B11 /* Foo2.cpp */; };
		946EEA4C184197EF00AD0B11 /* FooManager.cpp in Sources */ = {isa = PBXBuildFile; fileRef = 946EE9F4184197EF00AD0B11 /* FooManager.cpp */; };
		946EEA4D184197EF00AD0B11 /* Force.cpp in Sources */ = {isa = PBXBuildFile; fileRef = 946EE9F6184197EF00AD0B11 /* Force.cpp */; };
		946EEA4E184197EF00AD0B11 /* GravityFoo.cpp in Sources */ = {isa = PBXBuildFile; fileRef = 946EE9F8184197EF00AD0B11 /* GravityFoo.cpp */; };
		946EEA4F184197EF00AD0B11 /* Hardware.cpp in Sources */ = {isa = PBXBuildFile; fileRef = 946EE9FA184197EF00AD0B11 /* Hardware.cpp */; };
		946EEA50184197EF00AD0B11 /* Headband.cpp in Sources */ = {isa = PBXBuildFile; fileRef = 946EE9FC184197EF00AD0B11 /* Headband.cpp */; };
		946EEA51184197EF00AD0B11 /* InProgressCustomFoos.cpp in Sources */ = {isa = PBXBuildFile; fileRef = 946EE9FE184197EF00AD0B11 /* InProgressCustomFoos.cpp */; };
		946EEA52184197EF00AD0B11 /* KernFoo.cpp in Sources */ = {isa = PBXBuildFile; fileRef = 946EEA00184197EF00AD0B11 /* KernFoo.cpp */; };
		946EEA53184197EF00AD0B11 /* LED.cpp in Sources */ = {isa = PBXBuildFile; fileRef = 946EEA02184197EF00AD0B11 /* LED.cpp */; };
		946EEA54184197EF00AD0B11 /* LinkedFoo.cpp in Sources */ = {isa = PBXBuildFile; fileRef = 946EEA04184197EF00AD0B11 /* LinkedFoo.cpp */; };
		946EEA55184197EF00AD0B11 /* LinkedList.cpp in Sources */ = {isa = PBXBuildFile; fileRef = 946EEA06184197EF00AD0B11 /* LinkedList.cpp */; };
		946EEA56184197EF00AD0B11 /* ListenerFoo.cpp in Sources */ = {isa = PBXBuildFile; fileRef = 946EEA08184197EF00AD0B11 /* ListenerFoo.cpp */; };
		946EEA57184197EF00AD0B11 /* LIT.cpp in Sources */ = {isa = PBXBuildFile; fileRef = 946EEA0A184197EF00AD0B11 /* LIT.cpp */; };
		946EEA58184197EF00AD0B11 /* LITColor.cpp in Sources */ = {isa = PBXBuildFile; fileRef = 946EEA0C184197EF00AD0B11 /* LITColor.cpp */; };
		946EEA59184197EF00AD0B11 /* LITFunctions.cpp in Sources */ = {isa = PBXBuildFile; fileRef = 946EEA0E184197EF00AD0B11 /* LITFunctions.cpp */; };
		946EEA5A184197EF00AD0B11 /* LPD8806.cpp in Sources */ = {isa = PBXBuildFile; fileRef = 946EEA10184197EF00AD0B11 /* LPD8806.cpp */; };
		946EEA5B184197EF00AD0B11 /* MassFoo.cpp in Sources */ = {isa = PBXBuildFile; fileRef = 946EEA12184197EF00AD0B11 /* MassFoo.cpp */; };
		946EEA5C184197EF00AD0B11 /* MCP4131.cpp in Sources */ = {isa = PBXBuildFile; fileRef = 946EEA14184197EF00AD0B11 /* MCP4131.cpp */; };
		946EEA5D184197EF00AD0B11 /* MemTestingFoo.cpp in Sources */ = {isa = PBXBuildFile; fileRef = 946EEA16184197EF00AD0B11 /* MemTestingFoo.cpp */; };
		946EEA5E184197EF00AD0B11 /* MovingFoo.cpp in Sources */ = {isa = PBXBuildFile; fileRef = 946EEA18184197EF00AD0B11 /* MovingFoo.cpp */; };
		946EEA5F184197EF00AD0B11 /* MSGEQ7.cpp in Sources */ = {isa = PBXBuildFile; fileRef = 946EEA1A184197EF00AD0B11 /* MSGEQ7.cpp */; };
		946EEA60184197EF00AD0B11 /* MultipleBouncingFoos.cpp in Sources */ = {isa = PBXBuildFile; fileRef = 946EEA1C184197EF00AD0B11 /* MultipleBouncingFoos.cpp */; };
		946EEA61184197EF00AD0B11 /* OscillatingFoo.cpp in Sources */ = {isa = PBXBuildFile; fileRef = 946EEA1E184197EF00AD0B11 /* OscillatingFoo.cpp */; };
		946EEA62184197EF00AD0B11 /* Parameters.cpp in Sources */ = {isa = PBXBuildFile; fileRef = 946EEA20184197EF00AD0B11 /* Parameters.cpp */; };
		946EEA63184197EF00AD0B11 /* RainbowFoo.cpp in Sources */ = {isa = PBXBuildFile; fileRef = 946EEA22184197EF00AD0B11 /* RainbowFoo.cpp */; };
		946EEA64184197EF00AD0B11 /* RainbowLine.cpp in Sources */ = {isa = PBXBuildFile; fileRef = 946EEA24184197EF00AD0B11 /* RainbowLine.cpp */; };
		946EEA65184197EF00AD0B11 /* README.md in Resources */ = {isa = PBXBuildFile; fileRef = 946EEA26184197EF00AD0B11 /* README.md */; };
		946EEA66184197EF00AD0B11 /* Registers.cpp in Sources */ = {isa = PBXBuildFile; fileRef = 946EEA27184197EF00AD0B11 /* Registers.cpp */; };
		946EEA67184197EF00AD0B11 /* ShiftRegister.cpp in Sources */ = {isa = PBXBuildFile; fileRef = 946EEA29184197EF00AD0B11 /* ShiftRegister.cpp */; };
		946EEA68184197EF00AD0B11 /* Step.cpp in Sources */ = {isa = PBXBuildFile; fileRef = 946EEA2B184197EF00AD0B11 /* Step.cpp */; };
		946EEA69184197EF00AD0B11 /* stepFoo1.cpp in Sources */ = {isa = PBXBuildFile; fileRef = 946EEA2D184197EF00AD0B11 /* stepFoo1.cpp */; };
		946EEA6A184197EF00AD0B11 /* basicHeadbandSketch.ino in Resources */ = {isa = PBXBuildFile; fileRef = 946EEA32184197EF00AD0B11 /* basicHeadbandSketch.ino */; };
		946EEA6B184197EF00AD0B11 /* basicHeadbandSketch1.ino in Resources */ = {isa = PBXBuildFile; fileRef = 946EEA34184197EF00AD0B11 /* basicHeadbandSketch1.ino */; };
		946EEA6C184197EF00AD0B11 /* memoryTesting.ino in Resources */ = {isa = PBXBuildFile; fileRef = 946EEA35184197EF00AD0B11 /* memoryTesting.ino */; };
		946EEA6D184197EF00AD0B11 /* Arduino.cpp in Sources */ = {isa = PBXBuildFile; fileRef = 946EEA37184197EF00AD0B11 /* Arduino.cpp */; };
		946EEA6E184197EF00AD0B11 /* Serial.cpp in Sources */ = {isa = PBXBuildFile; fileRef = 946EEA39184197EF00AD0B11 /* Serial.cpp */; };
		946EEA6F184197EF00AD0B11 /* SPI.cpp in Sources */ = {isa = PBXBuildFile; fileRef = 946EEA3B184197EF00AD0B11 /* SPI.cpp */; };
		946EEA70184197EF00AD0B11 /* Tester.cpp in Sources */ = {isa = PBXBuildFile; fileRef = 946EEA3D184197EF00AD0B11 /* Tester.cpp */; };
		94DEC6821841940400463DAE /* Cocoa.framework in Frameworks */ = {isa = PBXBuildFile; fileRef = 94DEC6811841940400463DAE /* Cocoa.framework */; };
		94DEC68C1841940400463DAE /* InfoPlist.strings in Resources */ = {isa = PBXBuildFile; fileRef = 94DEC68A1841940400463DAE /* InfoPlist.strings */; };
		94DEC68E1841940400463DAE /* main.m in Sources */ = {isa = PBXBuildFile; fileRef = 94DEC68D1841940400463DAE /* main.m */; };
		94DEC6921841940400463DAE /* Credits.rtf in Resources */ = {isa = PBXBuildFile; fileRef = 94DEC6901841940400463DAE /* Credits.rtf */; };
		94DEC69A1841940400463DAE /* Images.xcassets in Resources */ = {isa = PBXBuildFile; fileRef = 94DEC6991841940400463DAE /* Images.xcassets */; };
		94DEC6A11841940400463DAE /* XCTest.framework in Frameworks */ = {isa = PBXBuildFile; fileRef = 94DEC6A01841940400463DAE /* XCTest.framework */; };
		94DEC6A21841940400463DAE /* Cocoa.framework in Frameworks */ = {isa = PBXBuildFile; fileRef = 94DEC6811841940400463DAE /* Cocoa.framework */; };
		94DEC6AA1841940400463DAE /* InfoPlist.strings in Resources */ = {isa = PBXBuildFile; fileRef = 94DEC6A81841940400463DAE /* InfoPlist.strings */; };
		94DEC6AC1841940400463DAE /* litHeadbandSimulatorTests.m in Sources */ = {isa = PBXBuildFile; fileRef = 94DEC6AB1841940400463DAE /* litHeadbandSimulatorTests.m */; };
/* End PBXBuildFile section */

/* Begin PBXContainerItemProxy section */
		94DEC6A31841940400463DAE /* PBXContainerItemProxy */ = {
			isa = PBXContainerItemProxy;
			containerPortal = 94DEC6761841940400463DAE /* Project object */;
			proxyType = 1;
			remoteGlobalIDString = 94DEC67D1841940400463DAE;
			remoteInfo = litHeadbandSimulator;
		};
/* End PBXContainerItemProxy section */

/* Begin PBXFileReference section */
		946EE9D41841977600AD0B11 /* en */ = {isa = PBXFileReference; lastKnownFileType = file.xib; name = en; path = litHeadbandSimulator/en.lproj/MainMenu.xib; sourceTree = "<group>"; };
		946EE9D61841978000AD0B11 /* LITAppDelegate.h */ = {isa = PBXFileReference; fileEncoding = 4; lastKnownFileType = sourcecode.c.h; path = LITAppDelegate.h; sourceTree = "<group>"; };
		946EE9D71841978000AD0B11 /* LITAppDelegate.mm */ = {isa = PBXFileReference; fileEncoding = 4; lastKnownFileType = sourcecode.cpp.objcpp; path = LITAppDelegate.mm; sourceTree = "<group>"; };
		946EE9DA184197EF00AD0B11 /* Audio.cpp */ = {isa = PBXFileReference; fileEncoding = 4; lastKnownFileType = sourcecode.cpp.cpp; path = Audio.cpp; sourceTree = "<group>"; };
		946EE9DB184197EF00AD0B11 /* Audio.h */ = {isa = PBXFileReference; fileEncoding = 4; lastKnownFileType = sourcecode.c.h; path = Audio.h; sourceTree = "<group>"; };
		946EE9DC184197EF00AD0B11 /* BandMeterFoo.cpp */ = {isa = PBXFileReference; fileEncoding = 4; lastKnownFileType = sourcecode.cpp.cpp; path = BandMeterFoo.cpp; sourceTree = "<group>"; };
		946EE9DD184197EF00AD0B11 /* BandMeterFoo.h */ = {isa = PBXFileReference; fileEncoding = 4; lastKnownFileType = sourcecode.c.h; path = BandMeterFoo.h; sourceTree = "<group>"; };
		946EE9DE184197EF00AD0B11 /* Battery.cpp */ = {isa = PBXFileReference; fileEncoding = 4; lastKnownFileType = sourcecode.cpp.cpp; path = Battery.cpp; sourceTree = "<group>"; };
		946EE9DF184197EF00AD0B11 /* Battery.h */ = {isa = PBXFileReference; fileEncoding = 4; lastKnownFileType = sourcecode.c.h; path = Battery.h; sourceTree = "<group>"; };
		946EE9E0184197EF00AD0B11 /* Button.cpp */ = {isa = PBXFileReference; fileEncoding = 4; lastKnownFileType = sourcecode.cpp.cpp; path = Button.cpp; sourceTree = "<group>"; };
		946EE9E1184197EF00AD0B11 /* Button.h */ = {isa = PBXFileReference; fileEncoding = 4; lastKnownFileType = sourcecode.c.h; path = Button.h; sourceTree = "<group>"; };
		946EE9E2184197EF00AD0B11 /* ChargedFoo.cpp */ = {isa = PBXFileReference; fileEncoding = 4; lastKnownFileType = sourcecode.cpp.cpp; path = ChargedFoo.cpp; sourceTree = "<group>"; };
		946EE9E3184197EF00AD0B11 /* ChargedFoo.h */ = {isa = PBXFileReference; fileEncoding = 4; lastKnownFileType = sourcecode.c.h; path = ChargedFoo.h; sourceTree = "<group>"; };
		946EE9E4184197EF00AD0B11 /* CirclesFoo.cpp */ = {isa = PBXFileReference; fileEncoding = 4; lastKnownFileType = sourcecode.cpp.cpp; path = CirclesFoo.cpp; sourceTree = "<group>"; };
		946EE9E5184197EF00AD0B11 /* CirclesFoo.h */ = {isa = PBXFileReference; fileEncoding = 4; lastKnownFileType = sourcecode.c.h; path = CirclesFoo.h; sourceTree = "<group>"; };
		946EE9E6184197EF00AD0B11 /* Color.cpp */ = {isa = PBXFileReference; fileEncoding = 4; lastKnownFileType = sourcecode.cpp.cpp; path = Color.cpp; sourceTree = "<group>"; };
		946EE9E7184197EF00AD0B11 /* Color.h */ = {isa = PBXFileReference; fileEncoding = 4; lastKnownFileType = sourcecode.c.h; path = Color.h; sourceTree = "<group>"; };
		946EE9E8184197EF00AD0B11 /* CustomFoos.cpp */ = {isa = PBXFileReference; fileEncoding = 4; lastKnownFileType = sourcecode.cpp.cpp; path = CustomFoos.cpp; sourceTree = "<group>"; };
		946EE9E9184197EF00AD0B11 /* CustomFoos.h */ = {isa = PBXFileReference; fileEncoding = 4; lastKnownFileType = sourcecode.c.h; path = CustomFoos.h; sourceTree = "<group>"; };
		946EE9EA184197EF00AD0B11 /* EMFoo.cpp */ = {isa = PBXFileReference; fileEncoding = 4; lastKnownFileType = sourcecode.cpp.cpp; path = EMFoo.cpp; sourceTree = "<group>"; };
		946EE9EB184197EF00AD0B11 /* EMFoo.h */ = {isa = PBXFileReference; fileEncoding = 4; lastKnownFileType = sourcecode.c.h; path = EMFoo.h; sourceTree = "<group>"; };
		946EE9EC184197EF00AD0B11 /* EphemeralSnakesFoo.cpp */ = {isa = PBXFileReference; fileEncoding = 4; lastKnownFileType = sourcecode.cpp.cpp; path = EphemeralSnakesFoo.cpp; sourceTree = "<group>"; };
		946EE9ED184197EF00AD0B11 /* EphemeralSnakesFoo.h */ = {isa = PBXFileReference; fileEncoding = 4; lastKnownFileType = sourcecode.c.h; path = EphemeralSnakesFoo.h; sourceTree = "<group>"; };
		946EE9EE184197EF00AD0B11 /* EventFoo.cpp */ = {isa = PBXFileReference; fileEncoding = 4; lastKnownFileType = sourcecode.cpp.cpp; path = EventFoo.cpp; sourceTree = "<group>"; };
		946EE9EF184197EF00AD0B11 /* EventFoo.h */ = {isa = PBXFileReference; fileEncoding = 4; lastKnownFileType = sourcecode.c.h; path = EventFoo.h; sourceTree = "<group>"; };
		946EE9F0184197EF00AD0B11 /* Foo.cpp */ = {isa = PBXFileReference; fileEncoding = 4; lastKnownFileType = sourcecode.cpp.cpp; path = Foo.cpp; sourceTree = "<group>"; };
		946EE9F1184197EF00AD0B11 /* Foo.h */ = {isa = PBXFileReference; fileEncoding = 4; lastKnownFileType = sourcecode.c.h; path = Foo.h; sourceTree = "<group>"; };
		946EE9F2184197EF00AD0B11 /* Foo2.cpp */ = {isa = PBXFileReference; fileEncoding = 4; lastKnownFileType = sourcecode.cpp.cpp; path = Foo2.cpp; sourceTree = "<group>"; };
		946EE9F3184197EF00AD0B11 /* Foo2.h */ = {isa = PBXFileReference; fileEncoding = 4; lastKnownFileType = sourcecode.c.h; path = Foo2.h; sourceTree = "<group>"; };
		946EE9F4184197EF00AD0B11 /* FooManager.cpp */ = {isa = PBXFileReference; fileEncoding = 4; lastKnownFileType = sourcecode.cpp.cpp; path = FooManager.cpp; sourceTree = "<group>"; };
		946EE9F5184197EF00AD0B11 /* FooManager.h */ = {isa = PBXFileReference; fileEncoding = 4; lastKnownFileType = sourcecode.c.h; path = FooManager.h; sourceTree = "<group>"; };
		946EE9F6184197EF00AD0B11 /* Force.cpp */ = {isa = PBXFileReference; fileEncoding = 4; lastKnownFileType = sourcecode.cpp.cpp; path = Force.cpp; sourceTree = "<group>"; };
		946EE9F7184197EF00AD0B11 /* Force.h */ = {isa = PBXFileReference; fileEncoding = 4; lastKnownFileType = sourcecode.c.h; path = Force.h; sourceTree = "<group>"; };
		946EE9F8184197EF00AD0B11 /* GravityFoo.cpp */ = {isa = PBXFileReference; fileEncoding = 4; lastKnownFileType = sourcecode.cpp.cpp; path = GravityFoo.cpp; sourceTree = "<group>"; };
		946EE9F9184197EF00AD0B11 /* GravityFoo.h */ = {isa = PBXFileReference; fileEncoding = 4; lastKnownFileType = sourcecode.c.h; path = GravityFoo.h; sourceTree = "<group>"; };
		946EE9FA184197EF00AD0B11 /* Hardware.cpp */ = {isa = PBXFileReference; fileEncoding = 4; lastKnownFileType = sourcecode.cpp.cpp; path = Hardware.cpp; sourceTree = "<group>"; };
		946EE9FB184197EF00AD0B11 /* Hardware.h */ = {isa = PBXFileReference; fileEncoding = 4; lastKnownFileType = sourcecode.c.h; path = Hardware.h; sourceTree = "<group>"; };
		946EE9FC184197EF00AD0B11 /* Headband.cpp */ = {isa = PBXFileReference; fileEncoding = 4; lastKnownFileType = sourcecode.cpp.cpp; path = Headband.cpp; sourceTree = "<group>"; };
		946EE9FD184197EF00AD0B11 /* Headband.h */ = {isa = PBXFileReference; fileEncoding = 4; lastKnownFileType = sourcecode.c.h; path = Headband.h; sourceTree = "<group>"; };
		946EE9FE184197EF00AD0B11 /* InProgressCustomFoos.cpp */ = {isa = PBXFileReference; fileEncoding = 4; lastKnownFileType = sourcecode.cpp.cpp; path = InProgressCustomFoos.cpp; sourceTree = "<group>"; };
		946EE9FF184197EF00AD0B11 /* InProgressCustomFoos.h */ = {isa = PBXFileReference; fileEncoding = 4; lastKnownFileType = sourcecode.c.h; path = InProgressCustomFoos.h; sourceTree = "<group>"; };
		946EEA00184197EF00AD0B11 /* KernFoo.cpp */ = {isa = PBXFileReference; fileEncoding = 4; lastKnownFileType = sourcecode.cpp.cpp; path = KernFoo.cpp; sourceTree = "<group>"; };
		946EEA01184197EF00AD0B11 /* KernFoo.h */ = {isa = PBXFileReference; fileEncoding = 4; lastKnownFileType = sourcecode.c.h; path = KernFoo.h; sourceTree = "<group>"; };
		946EEA02184197EF00AD0B11 /* LED.cpp */ = {isa = PBXFileReference; fileEncoding = 4; lastKnownFileType = sourcecode.cpp.cpp; path = LED.cpp; sourceTree = "<group>"; };
		946EEA03184197EF00AD0B11 /* LED.h */ = {isa = PBXFileReference; fileEncoding = 4; lastKnownFileType = sourcecode.c.h; path = LED.h; sourceTree = "<group>"; };
		946EEA04184197EF00AD0B11 /* LinkedFoo.cpp */ = {isa = PBXFileReference; fileEncoding = 4; lastKnownFileType = sourcecode.cpp.cpp; path = LinkedFoo.cpp; sourceTree = "<group>"; };
		946EEA05184197EF00AD0B11 /* LinkedFoo.h */ = {isa = PBXFileReference; fileEncoding = 4; lastKnownFileType = sourcecode.c.h; path = LinkedFoo.h; sourceTree = "<group>"; };
		946EEA06184197EF00AD0B11 /* LinkedList.cpp */ = {isa = PBXFileReference; fileEncoding = 4; lastKnownFileType = sourcecode.cpp.cpp; path = LinkedList.cpp; sourceTree = "<group>"; };
		946EEA07184197EF00AD0B11 /* LinkedList.h */ = {isa = PBXFileReference; fileEncoding = 4; lastKnownFileType = sourcecode.c.h; path = LinkedList.h; sourceTree = "<group>"; };
		946EEA08184197EF00AD0B11 /* ListenerFoo.cpp */ = {isa = PBXFileReference; fileEncoding = 4; lastKnownFileType = sourcecode.cpp.cpp; path = ListenerFoo.cpp; sourceTree = "<group>"; };
		946EEA09184197EF00AD0B11 /* ListenerFoo.h */ = {isa = PBXFileReference; fileEncoding = 4; lastKnownFileType = sourcecode.c.h; path = ListenerFoo.h; sourceTree = "<group>"; };
		946EEA0A184197EF00AD0B11 /* LIT.cpp */ = {isa = PBXFileReference; fileEncoding = 4; lastKnownFileType = sourcecode.cpp.cpp; path = LIT.cpp; sourceTree = "<group>"; };
		946EEA0B184197EF00AD0B11 /* LIT.h */ = {isa = PBXFileReference; fileEncoding = 4; lastKnownFileType = sourcecode.c.h; path = LIT.h; sourceTree = "<group>"; };
		946EEA0C184197EF00AD0B11 /* LITColor.cpp */ = {isa = PBXFileReference; fileEncoding = 4; lastKnownFileType = sourcecode.cpp.cpp; path = LITColor.cpp; sourceTree = "<group>"; };
		946EEA0D184197EF00AD0B11 /* LITColor.h */ = {isa = PBXFileReference; fileEncoding = 4; lastKnownFileType = sourcecode.c.h; path = LITColor.h; sourceTree = "<group>"; };
		946EEA0E184197EF00AD0B11 /* LITFunctions.cpp */ = {isa = PBXFileReference; fileEncoding = 4; lastKnownFileType = sourcecode.cpp.cpp; path = LITFunctions.cpp; sourceTree = "<group>"; };
		946EEA0F184197EF00AD0B11 /* LITFunctions.h */ = {isa = PBXFileReference; fileEncoding = 4; lastKnownFileType = sourcecode.c.h; path = LITFunctions.h; sourceTree = "<group>"; };
		946EEA10184197EF00AD0B11 /* LPD8806.cpp */ = {isa = PBXFileReference; fileEncoding = 4; lastKnownFileType = sourcecode.cpp.cpp; path = LPD8806.cpp; sourceTree = "<group>"; };
		946EEA11184197EF00AD0B11 /* LPD8806.h */ = {isa = PBXFileReference; fileEncoding = 4; lastKnownFileType = sourcecode.c.h; path = LPD8806.h; sourceTree = "<group>"; };
		946EEA12184197EF00AD0B11 /* MassFoo.cpp */ = {isa = PBXFileReference; fileEncoding = 4; lastKnownFileType = sourcecode.cpp.cpp; path = MassFoo.cpp; sourceTree = "<group>"; };
		946EEA13184197EF00AD0B11 /* MassFoo.h */ = {isa = PBXFileReference; fileEncoding = 4; lastKnownFileType = sourcecode.c.h; path = MassFoo.h; sourceTree = "<group>"; };
		946EEA14184197EF00AD0B11 /* MCP4131.cpp */ = {isa = PBXFileReference; fileEncoding = 4; lastKnownFileType = sourcecode.cpp.cpp; path = MCP4131.cpp; sourceTree = "<group>"; };
		946EEA15184197EF00AD0B11 /* MCP4131.h */ = {isa = PBXFileReference; fileEncoding = 4; lastKnownFileType = sourcecode.c.h; path = MCP4131.h; sourceTree = "<group>"; };
		946EEA16184197EF00AD0B11 /* MemTestingFoo.cpp */ = {isa = PBXFileReference; fileEncoding = 4; lastKnownFileType = sourcecode.cpp.cpp; path = MemTestingFoo.cpp; sourceTree = "<group>"; };
		946EEA17184197EF00AD0B11 /* MemTestingFoo.h */ = {isa = PBXFileReference; fileEncoding = 4; lastKnownFileType = sourcecode.c.h; path = MemTestingFoo.h; sourceTree = "<group>"; };
		946EEA18184197EF00AD0B11 /* MovingFoo.cpp */ = {isa = PBXFileReference; fileEncoding = 4; lastKnownFileType = sourcecode.cpp.cpp; path = MovingFoo.cpp; sourceTree = "<group>"; };
		946EEA19184197EF00AD0B11 /* MovingFoo.h */ = {isa = PBXFileReference; fileEncoding = 4; lastKnownFileType = sourcecode.c.h; path = MovingFoo.h; sourceTree = "<group>"; };
		946EEA1A184197EF00AD0B11 /* MSGEQ7.cpp */ = {isa = PBXFileReference; fileEncoding = 4; lastKnownFileType = sourcecode.cpp.cpp; path = MSGEQ7.cpp; sourceTree = "<group>"; };
		946EEA1B184197EF00AD0B11 /* MSGEQ7.h */ = {isa = PBXFileReference; fileEncoding = 4; lastKnownFileType = sourcecode.c.h; path = MSGEQ7.h; sourceTree = "<group>"; };
		946EEA1C184197EF00AD0B11 /* MultipleBouncingFoos.cpp */ = {isa = PBXFileReference; fileEncoding = 4; lastKnownFileType = sourcecode.cpp.cpp; path = MultipleBouncingFoos.cpp; sourceTree = "<group>"; };
		946EEA1D184197EF00AD0B11 /* MultipleBouncingFoos.h */ = {isa = PBXFileReference; fileEncoding = 4; lastKnownFileType = sourcecode.c.h; path = MultipleBouncingFoos.h; sourceTree = "<group>"; };
		946EEA1E184197EF00AD0B11 /* OscillatingFoo.cpp */ = {isa = PBXFileReference; fileEncoding = 4; lastKnownFileType = sourcecode.cpp.cpp; path = OscillatingFoo.cpp; sourceTree = "<group>"; };
		946EEA1F184197EF00AD0B11 /* OscillatingFoo.h */ = {isa = PBXFileReference; fileEncoding = 4; lastKnownFileType = sourcecode.c.h; path = OscillatingFoo.h; sourceTree = "<group>"; };
		946EEA20184197EF00AD0B11 /* Parameters.cpp */ = {isa = PBXFileReference; fileEncoding = 4; lastKnownFileType = sourcecode.cpp.cpp; path = Parameters.cpp; sourceTree = "<group>"; };
		946EEA21184197EF00AD0B11 /* Parameters.h */ = {isa = PBXFileReference; fileEncoding = 4; lastKnownFileType = sourcecode.c.h; path = Parameters.h; sourceTree = "<group>"; };
		946EEA22184197EF00AD0B11 /* RainbowFoo.cpp */ = {isa = PBXFileReference; fileEncoding = 4; lastKnownFileType = sourcecode.cpp.cpp; path = RainbowFoo.cpp; sourceTree = "<group>"; };
		946EEA23184197EF00AD0B11 /* RainbowFoo.h */ = {isa = PBXFileReference; fileEncoding = 4; lastKnownFileType = sourcecode.c.h; path = RainbowFoo.h; sourceTree = "<group>"; };
		946EEA24184197EF00AD0B11 /* RainbowLine.cpp */ = {isa = PBXFileReference; fileEncoding = 4; lastKnownFileType = sourcecode.cpp.cpp; path = RainbowLine.cpp; sourceTree = "<group>"; };
		946EEA25184197EF00AD0B11 /* RainbowLine.h */ = {isa = PBXFileReference; fileEncoding = 4; lastKnownFileType = sourcecode.c.h; path = RainbowLine.h; sourceTree = "<group>"; };
		946EEA26184197EF00AD0B11 /* README.md */ = {isa = PBXFileReference; fileEncoding = 4; lastKnownFileType = text; path = README.md; sourceTree = "<group>"; };
		946EEA27184197EF00AD0B11 /* Registers.cpp */ = {isa = PBXFileReference; fileEncoding = 4; lastKnownFileType = sourcecode.cpp.cpp; path = Registers.cpp; sourceTree = "<group>"; };
		946EEA28184197EF00AD0B11 /* Registers.h */ = {isa = PBXFileReference; fileEncoding = 4; lastKnownFileType = sourcecode.c.h; path = Registers.h; sourceTree = "<group>"; };
		946EEA29184197EF00AD0B11 /* ShiftRegister.cpp */ = {isa = PBXFileReference; fileEncoding = 4; lastKnownFileType = sourcecode.cpp.cpp; path = ShiftRegister.cpp; sourceTree = "<group>"; };
		946EEA2A184197EF00AD0B11 /* ShiftRegister.h */ = {isa = PBXFileReference; fileEncoding = 4; lastKnownFileType = sourcecode.c.h; path = ShiftRegister.h; sourceTree = "<group>"; };
		946EEA2B184197EF00AD0B11 /* Step.cpp */ = {isa = PBXFileReference; fileEncoding = 4; lastKnownFileType = sourcecode.cpp.cpp; path = Step.cpp; sourceTree = "<group>"; };
		946EEA2C184197EF00AD0B11 /* Step.h */ = {isa = PBXFileReference; fileEncoding = 4; lastKnownFileType = sourcecode.c.h; path = Step.h; sourceTree = "<group>"; };
		946EEA2D184197EF00AD0B11 /* stepFoo1.cpp */ = {isa = PBXFileReference; fileEncoding = 4; lastKnownFileType = sourcecode.cpp.cpp; path = stepFoo1.cpp; sourceTree = "<group>"; };
		946EEA2E184197EF00AD0B11 /* stepFoo1.h */ = {isa = PBXFileReference; fileEncoding = 4; lastKnownFileType = sourcecode.c.h; path = stepFoo1.h; sourceTree = "<group>"; };
		946EEA32184197EF00AD0B11 /* basicHeadbandSketch.ino */ = {isa = PBXFileReference; fileEncoding = 4; lastKnownFileType = text; path = basicHeadbandSketch.ino; sourceTree = "<group>"; };
		946EEA34184197EF00AD0B11 /* basicHeadbandSketch1.ino */ = {isa = PBXFileReference; fileEncoding = 4; lastKnownFileType = text; path = basicHeadbandSketch1.ino; sourceTree = "<group>"; };
		946EEA35184197EF00AD0B11 /* memoryTesting.ino */ = {isa = PBXFileReference; fileEncoding = 4; lastKnownFileType = text; path = memoryTesting.ino; sourceTree = "<group>"; };
		946EEA37184197EF00AD0B11 /* Arduino.cpp */ = {isa = PBXFileReference; fileEncoding = 4; lastKnownFileType = sourcecode.cpp.cpp; path = Arduino.cpp; sourceTree = "<group>"; };
		946EEA38184197EF00AD0B11 /* Arduino.h */ = {isa = PBXFileReference; fileEncoding = 4; lastKnownFileType = sourcecode.c.h; path = Arduino.h; sourceTree = "<group>"; };
		946EEA39184197EF00AD0B11 /* Serial.cpp */ = {isa = PBXFileReference; fileEncoding = 4; lastKnownFileType = sourcecode.cpp.cpp; path = Serial.cpp; sourceTree = "<group>"; };
		946EEA3A184197EF00AD0B11 /* Serial.h */ = {isa = PBXFileReference; fileEncoding = 4; lastKnownFileType = sourcecode.c.h; path = Serial.h; sourceTree = "<group>"; };
		946EEA3B184197EF00AD0B11 /* SPI.cpp */ = {isa = PBXFileReference; fileEncoding = 4; lastKnownFileType = sourcecode.cpp.cpp; path = SPI.cpp; sourceTree = "<group>"; };
		946EEA3C184197EF00AD0B11 /* SPI.h */ = {isa = PBXFileReference; fileEncoding = 4; lastKnownFileType = sourcecode.c.h; path = SPI.h; sourceTree = "<group>"; };
		946EEA3D184197EF00AD0B11 /* Tester.cpp */ = {isa = PBXFileReference; fileEncoding = 4; lastKnownFileType = sourcecode.cpp.cpp; path = Tester.cpp; sourceTree = "<group>"; };
		946EEA3E184197EF00AD0B11 /* Tester.h */ = {isa = PBXFileReference; fileEncoding = 4; lastKnownFileType = sourcecode.c.h; path = Tester.h; sourceTree = "<group>"; };
		94DEC67E1841940400463DAE /* litHeadbandSimulator.app */ = {isa = PBXFileReference; explicitFileType = wrapper.application; includeInIndex = 0; path = litHeadbandSimulator.app; sourceTree = BUILT_PRODUCTS_DIR; };
		94DEC6811841940400463DAE /* Cocoa.framework */ = {isa = PBXFileReference; lastKnownFileType = wrapper.framework; name = Cocoa.framework; path = System/Library/Frameworks/Cocoa.framework; sourceTree = SDKROOT; };
		94DEC6841841940400463DAE /* AppKit.framework */ = {isa = PBXFileReference; lastKnownFileType = wrapper.framework; name = AppKit.framework; path = System/Library/Frameworks/AppKit.framework; sourceTree = SDKROOT; };
		94DEC6851841940400463DAE /* CoreData.framework */ = {isa = PBXFileReference; lastKnownFileType = wrapper.framework; name = CoreData.framework; path = System/Library/Frameworks/CoreData.framework; sourceTree = SDKROOT; };
		94DEC6861841940400463DAE /* Foundation.framework */ = {isa = PBXFileReference; lastKnownFileType = wrapper.framework; name = Foundation.framework; path = System/Library/Frameworks/Foundation.framework; sourceTree = SDKROOT; };
		94DEC6891841940400463DAE /* litHeadbandSimulator-Info.plist */ = {isa = PBXFileReference; lastKnownFileType = text.plist.xml; path = "litHeadbandSimulator-Info.plist"; sourceTree = "<group>"; };
		94DEC68B1841940400463DAE /* en */ = {isa = PBXFileReference; lastKnownFileType = text.plist.strings; name = en; path = en.lproj/InfoPlist.strings; sourceTree = "<group>"; };
		94DEC68D1841940400463DAE /* main.m */ = {isa = PBXFileReference; lastKnownFileType = sourcecode.c.objc; path = main.m; sourceTree = "<group>"; };
		94DEC68F1841940400463DAE /* litHeadbandSimulator-Prefix.pch */ = {isa = PBXFileReference; lastKnownFileType = sourcecode.c.h; path = "litHeadbandSimulator-Prefix.pch"; sourceTree = "<group>"; };
		94DEC6911841940400463DAE /* en */ = {isa = PBXFileReference; lastKnownFileType = text.rtf; name = en; path = en.lproj/Credits.rtf; sourceTree = "<group>"; };
		94DEC6991841940400463DAE /* Images.xcassets */ = {isa = PBXFileReference; lastKnownFileType = folder.assetcatalog; path = Images.xcassets; sourceTree = "<group>"; };
		94DEC69F1841940400463DAE /* litHeadbandSimulatorTests.xctest */ = {isa = PBXFileReference; explicitFileType = wrapper.cfbundle; includeInIndex = 0; path = litHeadbandSimulatorTests.xctest; sourceTree = BUILT_PRODUCTS_DIR; };
		94DEC6A01841940400463DAE /* XCTest.framework */ = {isa = PBXFileReference; lastKnownFileType = wrapper.framework; name = XCTest.framework; path = Library/Frameworks/XCTest.framework; sourceTree = DEVELOPER_DIR; };
		94DEC6A71841940400463DAE /* litHeadbandSimulatorTests-Info.plist */ = {isa = PBXFileReference; lastKnownFileType = text.plist.xml; path = "litHeadbandSimulatorTests-Info.plist"; sourceTree = "<group>"; };
		94DEC6A91841940400463DAE /* en */ = {isa = PBXFileReference; lastKnownFileType = text.plist.strings; name = en; path = en.lproj/InfoPlist.strings; sourceTree = "<group>"; };
		94DEC6AB1841940400463DAE /* litHeadbandSimulatorTests.m */ = {isa = PBXFileReference; lastKnownFileType = sourcecode.c.objc; path = litHeadbandSimulatorTests.m; sourceTree = "<group>"; };
/* End PBXFileReference section */

/* Begin PBXFrameworksBuildPhase section */
		94DEC67B1841940400463DAE /* Frameworks */ = {
			isa = PBXFrameworksBuildPhase;
			buildActionMask = 2147483647;
			files = (
				94DEC6821841940400463DAE /* Cocoa.framework in Frameworks */,
			);
			runOnlyForDeploymentPostprocessing = 0;
		};
		94DEC69C1841940400463DAE /* Frameworks */ = {
			isa = PBXFrameworksBuildPhase;
			buildActionMask = 2147483647;
			files = (
				94DEC6A21841940400463DAE /* Cocoa.framework in Frameworks */,
				94DEC6A11841940400463DAE /* XCTest.framework in Frameworks */,
			);
			runOnlyForDeploymentPostprocessing = 0;
		};
/* End PBXFrameworksBuildPhase section */

/* Begin PBXGroup section */
		946EE9D9184197EF00AD0B11 /* LITHeadband */ = {
			isa = PBXGroup;
			children = (
				946EE9DA184197EF00AD0B11 /* Audio.cpp */,
				946EE9DB184197EF00AD0B11 /* Audio.h */,
				946EE9DC184197EF00AD0B11 /* BandMeterFoo.cpp */,
				946EE9DD184197EF00AD0B11 /* BandMeterFoo.h */,
				946EE9DE184197EF00AD0B11 /* Battery.cpp */,
				946EE9DF184197EF00AD0B11 /* Battery.h */,
				946EE9E0184197EF00AD0B11 /* Button.cpp */,
				946EE9E1184197EF00AD0B11 /* Button.h */,
				946EE9E2184197EF00AD0B11 /* ChargedFoo.cpp */,
				946EE9E3184197EF00AD0B11 /* ChargedFoo.h */,
				946EE9E4184197EF00AD0B11 /* CirclesFoo.cpp */,
				946EE9E5184197EF00AD0B11 /* CirclesFoo.h */,
				946EE9E6184197EF00AD0B11 /* Color.cpp */,
				946EE9E7184197EF00AD0B11 /* Color.h */,
				946EE9E8184197EF00AD0B11 /* CustomFoos.cpp */,
				946EE9E9184197EF00AD0B11 /* CustomFoos.h */,
				946EE9EA184197EF00AD0B11 /* EMFoo.cpp */,
				946EE9EB184197EF00AD0B11 /* EMFoo.h */,
				946EE9EC184197EF00AD0B11 /* EphemeralSnakesFoo.cpp */,
				946EE9ED184197EF00AD0B11 /* EphemeralSnakesFoo.h */,
				946EE9EE184197EF00AD0B11 /* EventFoo.cpp */,
				946EE9EF184197EF00AD0B11 /* EventFoo.h */,
				946EE9F0184197EF00AD0B11 /* Foo.cpp */,
				946EE9F1184197EF00AD0B11 /* Foo.h */,
				946EE9F2184197EF00AD0B11 /* Foo2.cpp */,
				946EE9F3184197EF00AD0B11 /* Foo2.h */,
				946EE9F4184197EF00AD0B11 /* FooManager.cpp */,
				946EE9F5184197EF00AD0B11 /* FooManager.h */,
				946EE9F6184197EF00AD0B11 /* Force.cpp */,
				946EE9F7184197EF00AD0B11 /* Force.h */,
				946EE9F8184197EF00AD0B11 /* GravityFoo.cpp */,
				946EE9F9184197EF00AD0B11 /* GravityFoo.h */,
				946EE9FA184197EF00AD0B11 /* Hardware.cpp */,
				946EE9FB184197EF00AD0B11 /* Hardware.h */,
				946EE9FC184197EF00AD0B11 /* Headband.cpp */,
				946EE9FD184197EF00AD0B11 /* Headband.h */,
				946EE9FE184197EF00AD0B11 /* InProgressCustomFoos.cpp */,
				946EE9FF184197EF00AD0B11 /* InProgressCustomFoos.h */,
				946EEA00184197EF00AD0B11 /* KernFoo.cpp */,
				946EEA01184197EF00AD0B11 /* KernFoo.h */,
				946EEA02184197EF00AD0B11 /* LED.cpp */,
				946EEA03184197EF00AD0B11 /* LED.h */,
				946EEA04184197EF00AD0B11 /* LinkedFoo.cpp */,
				946EEA05184197EF00AD0B11 /* LinkedFoo.h */,
				946EEA06184197EF00AD0B11 /* LinkedList.cpp */,
				946EEA07184197EF00AD0B11 /* LinkedList.h */,
				946EEA08184197EF00AD0B11 /* ListenerFoo.cpp */,
				946EEA09184197EF00AD0B11 /* ListenerFoo.h */,
				946EEA0A184197EF00AD0B11 /* LIT.cpp */,
				946EEA0B184197EF00AD0B11 /* LIT.h */,
				946EEA0C184197EF00AD0B11 /* LITColor.cpp */,
				946EEA0D184197EF00AD0B11 /* LITColor.h */,
				946EEA0E184197EF00AD0B11 /* LITFunctions.cpp */,
				946EEA0F184197EF00AD0B11 /* LITFunctions.h */,
				946EEA10184197EF00AD0B11 /* LPD8806.cpp */,
				946EEA11184197EF00AD0B11 /* LPD8806.h */,
				946EEA12184197EF00AD0B11 /* MassFoo.cpp */,
				946EEA13184197EF00AD0B11 /* MassFoo.h */,
				946EEA14184197EF00AD0B11 /* MCP4131.cpp */,
				946EEA15184197EF00AD0B11 /* MCP4131.h */,
				946EEA16184197EF00AD0B11 /* MemTestingFoo.cpp */,
				946EEA17184197EF00AD0B11 /* MemTestingFoo.h */,
				946EEA18184197EF00AD0B11 /* MovingFoo.cpp */,
				946EEA19184197EF00AD0B11 /* MovingFoo.h */,
				946EEA1A184197EF00AD0B11 /* MSGEQ7.cpp */,
				946EEA1B184197EF00AD0B11 /* MSGEQ7.h */,
				946EEA1C184197EF00AD0B11 /* MultipleBouncingFoos.cpp */,
				946EEA1D184197EF00AD0B11 /* MultipleBouncingFoos.h */,
				946EEA1E184197EF00AD0B11 /* OscillatingFoo.cpp */,
				946EEA1F184197EF00AD0B11 /* OscillatingFoo.h */,
				946EEA20184197EF00AD0B11 /* Parameters.cpp */,
				946EEA21184197EF00AD0B11 /* Parameters.h */,
				946EEA22184197EF00AD0B11 /* RainbowFoo.cpp */,
				946EEA23184197EF00AD0B11 /* RainbowFoo.h */,
				946EEA24184197EF00AD0B11 /* RainbowLine.cpp */,
				946EEA25184197EF00AD0B11 /* RainbowLine.h */,
				946EEA26184197EF00AD0B11 /* README.md */,
				946EEA27184197EF00AD0B11 /* Registers.cpp */,
				946EEA28184197EF00AD0B11 /* Registers.h */,
				946EEA29184197EF00AD0B11 /* ShiftRegister.cpp */,
				946EEA2A184197EF00AD0B11 /* ShiftRegister.h */,
				946EEA2B184197EF00AD0B11 /* Step.cpp */,
				946EEA2C184197EF00AD0B11 /* Step.h */,
				946EEA2D184197EF00AD0B11 /* stepFoo1.cpp */,
				946EEA2E184197EF00AD0B11 /* stepFoo1.h */,
				946EEA2F184197EF00AD0B11 /* support */,
			);
			name = LITHeadband;
			path = ../../../../../../../../../Applications/Arduino.app/Contents/Resources/Java/libraries/LITHeadband;
			sourceTree = "<group>";
		};
		946EEA2F184197EF00AD0B11 /* support */ = {
			isa = PBXGroup;
			children = (
				946EEA30184197EF00AD0B11 /* exampleSketches */,
				946EEA36184197EF00AD0B11 /* placeholders */,
				946EEA3D184197EF00AD0B11 /* Tester.cpp */,
				946EEA3E184197EF00AD0B11 /* Tester.h */,
			);
			path = support;
			sourceTree = "<group>";
		};
		946EEA30184197EF00AD0B11 /* exampleSketches */ = {
			isa = PBXGroup;
			children = (
				946EEA31184197EF00AD0B11 /* basicHeadbandSketch */,
				946EEA33184197EF00AD0B11 /* basicHeadbandSketch1 */,
				946EEA35184197EF00AD0B11 /* memoryTesting.ino */,
			);
			path = exampleSketches;
			sourceTree = "<group>";
		};
		946EEA31184197EF00AD0B11 /* basicHeadbandSketch */ = {
			isa = PBXGroup;
			children = (
				946EEA32184197EF00AD0B11 /* basicHeadbandSketch.ino */,
			);
			path = basicHeadbandSketch;
			sourceTree = "<group>";
		};
		946EEA33184197EF00AD0B11 /* basicHeadbandSketch1 */ = {
			isa = PBXGroup;
			children = (
				946EEA34184197EF00AD0B11 /* basicHeadbandSketch1.ino */,
			);
			path = basicHeadbandSketch1;
			sourceTree = "<group>";
		};
		946EEA36184197EF00AD0B11 /* placeholders */ = {
			isa = PBXGroup;
			children = (
				946EEA37184197EF00AD0B11 /* Arduino.cpp */,
				946EEA38184197EF00AD0B11 /* Arduino.h */,
				946EEA39184197EF00AD0B11 /* Serial.cpp */,
				946EEA3A184197EF00AD0B11 /* Serial.h */,
				946EEA3B184197EF00AD0B11 /* SPI.cpp */,
				946EEA3C184197EF00AD0B11 /* SPI.h */,
			);
			path = placeholders;
			sourceTree = "<group>";
		};
		94DEC6751841940400463DAE = {
			isa = PBXGroup;
			children = (
				946EE9D31841977600AD0B11 /* MainMenu.xib */,
				94DEC6871841940400463DAE /* litHeadbandSimulator */,
				94DEC6A51841940400463DAE /* litHeadbandSimulatorTests */,
				94DEC6801841940400463DAE /* Frameworks */,
				94DEC67F1841940400463DAE /* Products */,
			);
			sourceTree = "<group>";
		};
		94DEC67F1841940400463DAE /* Products */ = {
			isa = PBXGroup;
			children = (
				94DEC67E1841940400463DAE /* litHeadbandSimulator.app */,
				94DEC69F1841940400463DAE /* litHeadbandSimulatorTests.xctest */,
			);
			name = Products;
			sourceTree = "<group>";
		};
		94DEC6801841940400463DAE /* Frameworks */ = {
			isa = PBXGroup;
			children = (
				94DEC6811841940400463DAE /* Cocoa.framework */,
				94DEC6A01841940400463DAE /* XCTest.framework */,
				94DEC6831841940400463DAE /* Other Frameworks */,
			);
			name = Frameworks;
			sourceTree = "<group>";
		};
		94DEC6831841940400463DAE /* Other Frameworks */ = {
			isa = PBXGroup;
			children = (
				94DEC6841841940400463DAE /* AppKit.framework */,
				94DEC6851841940400463DAE /* CoreData.framework */,
				94DEC6861841940400463DAE /* Foundation.framework */,
			);
			name = "Other Frameworks";
			sourceTree = "<group>";
		};
		94DEC6871841940400463DAE /* litHeadbandSimulator */ = {
			isa = PBXGroup;
			children = (
				946EE9D9184197EF00AD0B11 /* LITHeadband */,
				946EE9D61841978000AD0B11 /* LITAppDelegate.h */,
				946EE9D71841978000AD0B11 /* LITAppDelegate.mm */,
				94DEC6991841940400463DAE /* Images.xcassets */,
				94DEC6881841940400463DAE /* Supporting Files */,
			);
			path = litHeadbandSimulator;
			sourceTree = "<group>";
		};
		94DEC6881841940400463DAE /* Supporting Files */ = {
			isa = PBXGroup;
			children = (
				94DEC6891841940400463DAE /* litHeadbandSimulator-Info.plist */,
				94DEC68A1841940400463DAE /* InfoPlist.strings */,
				94DEC68D1841940400463DAE /* main.m */,
				94DEC68F1841940400463DAE /* litHeadbandSimulator-Prefix.pch */,
				94DEC6901841940400463DAE /* Credits.rtf */,
			);
			name = "Supporting Files";
			sourceTree = "<group>";
		};
		94DEC6A51841940400463DAE /* litHeadbandSimulatorTests */ = {
			isa = PBXGroup;
			children = (
				94DEC6AB1841940400463DAE /* litHeadbandSimulatorTests.m */,
				94DEC6A61841940400463DAE /* Supporting Files */,
			);
			path = litHeadbandSimulatorTests;
			sourceTree = "<group>";
		};
		94DEC6A61841940400463DAE /* Supporting Files */ = {
			isa = PBXGroup;
			children = (
				94DEC6A71841940400463DAE /* litHeadbandSimulatorTests-Info.plist */,
				94DEC6A81841940400463DAE /* InfoPlist.strings */,
			);
			name = "Supporting Files";
			sourceTree = "<group>";
		};
/* End PBXGroup section */

/* Begin PBXNativeTarget section */
		94DEC67D1841940400463DAE /* litHeadbandSimulator */ = {
			isa = PBXNativeTarget;
			buildConfigurationList = 94DEC6AF1841940400463DAE /* Build configuration list for PBXNativeTarget "litHeadbandSimulator" */;
			buildPhases = (
				94DEC67A1841940400463DAE /* Sources */,
				94DEC67B1841940400463DAE /* Frameworks */,
				94DEC67C1841940400463DAE /* Resources */,
			);
			buildRules = (
			);
			dependencies = (
			);
			name = litHeadbandSimulator;
			productName = litHeadbandSimulator;
			productReference = 94DEC67E1841940400463DAE /* litHeadbandSimulator.app */;
			productType = "com.apple.product-type.application";
		};
		94DEC69E1841940400463DAE /* litHeadbandSimulatorTests */ = {
			isa = PBXNativeTarget;
			buildConfigurationList = 94DEC6B21841940400463DAE /* Build configuration list for PBXNativeTarget "litHeadbandSimulatorTests" */;
			buildPhases = (
				94DEC69B1841940400463DAE /* Sources */,
				94DEC69C1841940400463DAE /* Frameworks */,
				94DEC69D1841940400463DAE /* Resources */,
			);
			buildRules = (
			);
			dependencies = (
				94DEC6A41841940400463DAE /* PBXTargetDependency */,
			);
			name = litHeadbandSimulatorTests;
			productName = litHeadbandSimulatorTests;
			productReference = 94DEC69F1841940400463DAE /* litHeadbandSimulatorTests.xctest */;
			productType = "com.apple.product-type.bundle.unit-test";
		};
/* End PBXNativeTarget section */

/* Begin PBXProject section */
		94DEC6761841940400463DAE /* Project object */ = {
			isa = PBXProject;
			attributes = {
				CLASSPREFIX = LIT;
				LastUpgradeCheck = 0500;
				ORGANIZATIONNAME = "Ryan Tuck";
				TargetAttributes = {
					94DEC69E1841940400463DAE = {
						TestTargetID = 94DEC67D1841940400463DAE;
					};
				};
			};
			buildConfigurationList = 94DEC6791841940400463DAE /* Build configuration list for PBXProject "litHeadbandSimulator" */;
			compatibilityVersion = "Xcode 3.2";
			developmentRegion = English;
			hasScannedForEncodings = 0;
			knownRegions = (
				en,
				Base,
			);
			mainGroup = 94DEC6751841940400463DAE;
			productRefGroup = 94DEC67F1841940400463DAE /* Products */;
			projectDirPath = "";
			projectRoot = "";
			targets = (
				94DEC67D1841940400463DAE /* litHeadbandSimulator */,
				94DEC69E1841940400463DAE /* litHeadbandSimulatorTests */,
			);
		};
/* End PBXProject section */

/* Begin PBXResourcesBuildPhase section */
		94DEC67C1841940400463DAE /* Resources */ = {
			isa = PBXResourcesBuildPhase;
			buildActionMask = 2147483647;
			files = (
				94DEC68C1841940400463DAE /* InfoPlist.strings in Resources */,
				946EEA6B184197EF00AD0B11 /* basicHeadbandSketch1.ino in Resources */,
				94DEC69A1841940400463DAE /* Images.xcassets in Resources */,
				946EEA65184197EF00AD0B11 /* README.md in Resources */,
				946EEA6C184197EF00AD0B11 /* memoryTesting.ino in Resources */,
				94DEC6921841940400463DAE /* Credits.rtf in Resources */,
				946EEA6A184197EF00AD0B11 /* basicHeadbandSketch.ino in Resources */,
				946EE9D51841977600AD0B11 /* MainMenu.xib in Resources */,
			);
			runOnlyForDeploymentPostprocessing = 0;
		};
		94DEC69D1841940400463DAE /* Resources */ = {
			isa = PBXResourcesBuildPhase;
			buildActionMask = 2147483647;
			files = (
				94DEC6AA1841940400463DAE /* InfoPlist.strings in Resources */,
			);
			runOnlyForDeploymentPostprocessing = 0;
		};
/* End PBXResourcesBuildPhase section */

/* Begin PBXSourcesBuildPhase section */
		94DEC67A1841940400463DAE /* Sources */ = {
			isa = PBXSourcesBuildPhase;
			buildActionMask = 2147483647;
			files = (
				946EEA56184197EF00AD0B11 /* ListenerFoo.cpp in Sources */,
				946EEA62184197EF00AD0B11 /* Parameters.cpp in Sources */,
				946EEA70184197EF00AD0B11 /* Tester.cpp in Sources */,
				946EEA44184197EF00AD0B11 /* CirclesFoo.cpp in Sources */,
				946EEA5E184197EF00AD0B11 /* MovingFoo.cpp in Sources */,
				946EEA66184197EF00AD0B11 /* Registers.cpp in Sources */,
				946EE9D81841978000AD0B11 /* LITAppDelegate.mm in Sources */,
				946EEA5B184197EF00AD0B11 /* MassFoo.cpp in Sources */,
				946EEA41184197EF00AD0B11 /* Battery.cpp in Sources */,
				946EEA5C184197EF00AD0B11 /* MCP4131.cpp in Sources */,
				946EEA6D184197EF00AD0B11 /* Arduino.cpp in Sources */,
				946EEA49184197EF00AD0B11 /* EventFoo.cpp in Sources */,
				946EEA48184197EF00AD0B11 /* EphemeralSnakesFoo.cpp in Sources */,
				946EEA64184197EF00AD0B11 /* RainbowLine.cpp in Sources */,
				946EEA60184197EF00AD0B11 /* MultipleBouncingFoos.cpp in Sources */,
				946EEA68184197EF00AD0B11 /* Step.cpp in Sources */,
				94DEC68E1841940400463DAE /* main.m in Sources */,
				946EEA4D184197EF00AD0B11 /* Force.cpp in Sources */,
				946EEA5A184197EF00AD0B11 /* LPD8806.cpp in Sources */,
				946EEA5D184197EF00AD0B11 /* MemTestingFoo.cpp in Sources */,
				946EEA55184197EF00AD0B11 /* LinkedList.cpp in Sources */,
				946EEA4A184197EF00AD0B11 /* Foo.cpp in Sources */,
				946EEA3F184197EF00AD0B11 /* Audio.cpp in Sources */,
				946EEA43184197EF00AD0B11 /* ChargedFoo.cpp in Sources */,
				946EEA4B184197EF00AD0B11 /* Foo2.cpp in Sources */,
				946EEA61184197EF00AD0B11 /* OscillatingFoo.cpp in Sources */,
				946EEA6F184197EF00AD0B11 /* SPI.cpp in Sources */,
				946EEA58184197EF00AD0B11 /* LITColor.cpp in Sources */,
				946EEA53184197EF00AD0B11 /* LED.cpp in Sources */,
				946EEA4F184197EF00AD0B11 /* Hardware.cpp in Sources */,
				946EEA50184197EF00AD0B11 /* Headband.cpp in Sources */,
				946EEA40184197EF00AD0B11 /* BandMeterFoo.cpp in Sources */,
				946EEA51184197EF00AD0B11 /* InProgressCustomFoos.cpp in Sources */,
				946EEA67184197EF00AD0B11 /* ShiftRegister.cpp in Sources */,
				946EEA46184197EF00AD0B11 /* CustomFoos.cpp in Sources */,
				946EEA54184197EF00AD0B11 /* LinkedFoo.cpp in Sources */,
				946EEA59184197EF00AD0B11 /* LITFunctions.cpp in Sources */,
				946EEA69184197EF00AD0B11 /* stepFoo1.cpp in Sources */,
				946EEA52184197EF00AD0B11 /* KernFoo.cpp in Sources */,
				946EEA4E184197EF00AD0B11 /* GravityFoo.cpp in Sources */,
				946EEA47184197EF00AD0B11 /* EMFoo.cpp in Sources */,
				946EEA45184197EF00AD0B11 /* Color.cpp in Sources */,
				946EEA5F184197EF00AD0B11 /* MSGEQ7.cpp in Sources */,
				946EEA57184197EF00AD0B11 /* LIT.cpp in Sources */,
				946EEA63184197EF00AD0B11 /* RainbowFoo.cpp in Sources */,
				946EEA4C184197EF00AD0B11 /* FooManager.cpp in Sources */,
				946EEA42184197EF00AD0B11 /* Button.cpp in Sources */,
				946EEA6E184197EF00AD0B11 /* Serial.cpp in Sources */,
			);
			runOnlyForDeploymentPostprocessing = 0;
		};
		94DEC69B1841940400463DAE /* Sources */ = {
			isa = PBXSourcesBuildPhase;
			buildActionMask = 2147483647;
			files = (
				94DEC6AC1841940400463DAE /* litHeadbandSimulatorTests.m in Sources */,
			);
			runOnlyForDeploymentPostprocessing = 0;
		};
/* End PBXSourcesBuildPhase section */

/* Begin PBXTargetDependency section */
		94DEC6A41841940400463DAE /* PBXTargetDependency */ = {
			isa = PBXTargetDependency;
			target = 94DEC67D1841940400463DAE /* litHeadbandSimulator */;
			targetProxy = 94DEC6A31841940400463DAE /* PBXContainerItemProxy */;
		};
/* End PBXTargetDependency section */

/* Begin PBXVariantGroup section */
		946EE9D31841977600AD0B11 /* MainMenu.xib */ = {
			isa = PBXVariantGroup;
			children = (
				946EE9D41841977600AD0B11 /* en */,
			);
			name = MainMenu.xib;
			sourceTree = "<group>";
		};
		94DEC68A1841940400463DAE /* InfoPlist.strings */ = {
			isa = PBXVariantGroup;
			children = (
				94DEC68B1841940400463DAE /* en */,
			);
			name = InfoPlist.strings;
			sourceTree = "<group>";
		};
		94DEC6901841940400463DAE /* Credits.rtf */ = {
			isa = PBXVariantGroup;
			children = (
				94DEC6911841940400463DAE /* en */,
			);
			name = Credits.rtf;
			sourceTree = "<group>";
		};
		94DEC6A81841940400463DAE /* InfoPlist.strings */ = {
			isa = PBXVariantGroup;
			children = (
				94DEC6A91841940400463DAE /* en */,
			);
			name = InfoPlist.strings;
			sourceTree = "<group>";
		};
/* End PBXVariantGroup section */

/* Begin XCBuildConfiguration section */
		94DEC6AD1841940400463DAE /* Debug */ = {
			isa = XCBuildConfiguration;
			buildSettings = {
				ALWAYS_SEARCH_USER_PATHS = NO;
				CLANG_CXX_LANGUAGE_STANDARD = "gnu++0x";
				CLANG_CXX_LIBRARY = "libc++";
				CLANG_ENABLE_OBJC_ARC = YES;
				CLANG_WARN_BOOL_CONVERSION = YES;
				CLANG_WARN_CONSTANT_CONVERSION = YES;
				CLANG_WARN_DIRECT_OBJC_ISA_USAGE = YES_ERROR;
				CLANG_WARN_EMPTY_BODY = YES;
				CLANG_WARN_ENUM_CONVERSION = YES;
				CLANG_WARN_INT_CONVERSION = YES;
				CLANG_WARN_OBJC_ROOT_CLASS = YES_ERROR;
				CLANG_WARN__DUPLICATE_METHOD_MATCH = YES;
				COPY_PHASE_STRIP = NO;
				GCC_C_LANGUAGE_STANDARD = gnu99;
				GCC_DYNAMIC_NO_PIC = NO;
				GCC_ENABLE_OBJC_EXCEPTIONS = YES;
				GCC_OPTIMIZATION_LEVEL = 0;
				GCC_PREPROCESSOR_DEFINITIONS = (
					"DEBUG=1",
					"$(inherited)",
				);
				GCC_SYMBOLS_PRIVATE_EXTERN = NO;
				GCC_WARN_64_TO_32_BIT_CONVERSION = YES;
				GCC_WARN_ABOUT_RETURN_TYPE = YES_ERROR;
				GCC_WARN_UNDECLARED_SELECTOR = YES;
				GCC_WARN_UNINITIALIZED_AUTOS = YES;
				GCC_WARN_UNUSED_FUNCTION = YES;
				GCC_WARN_UNUSED_VARIABLE = YES;
				MACOSX_DEPLOYMENT_TARGET = 10.9;
				ONLY_ACTIVE_ARCH = YES;
				SDKROOT = macosx;
			};
			name = Debug;
		};
		94DEC6AE1841940400463DAE /* Release */ = {
			isa = XCBuildConfiguration;
			buildSettings = {
				ALWAYS_SEARCH_USER_PATHS = NO;
				CLANG_CXX_LANGUAGE_STANDARD = "gnu++0x";
				CLANG_CXX_LIBRARY = "libc++";
				CLANG_ENABLE_OBJC_ARC = YES;
				CLANG_WARN_BOOL_CONVERSION = YES;
				CLANG_WARN_CONSTANT_CONVERSION = YES;
				CLANG_WARN_DIRECT_OBJC_ISA_USAGE = YES_ERROR;
				CLANG_WARN_EMPTY_BODY = YES;
				CLANG_WARN_ENUM_CONVERSION = YES;
				CLANG_WARN_INT_CONVERSION = YES;
				CLANG_WARN_OBJC_ROOT_CLASS = YES_ERROR;
				CLANG_WARN__DUPLICATE_METHOD_MATCH = YES;
				COPY_PHASE_STRIP = YES;
				DEBUG_INFORMATION_FORMAT = "dwarf-with-dsym";
				ENABLE_NS_ASSERTIONS = NO;
				GCC_C_LANGUAGE_STANDARD = gnu99;
				GCC_ENABLE_OBJC_EXCEPTIONS = YES;
				GCC_WARN_64_TO_32_BIT_CONVERSION = YES;
				GCC_WARN_ABOUT_RETURN_TYPE = YES_ERROR;
				GCC_WARN_UNDECLARED_SELECTOR = YES;
				GCC_WARN_UNINITIALIZED_AUTOS = YES;
				GCC_WARN_UNUSED_FUNCTION = YES;
				GCC_WARN_UNUSED_VARIABLE = YES;
				MACOSX_DEPLOYMENT_TARGET = 10.9;
				SDKROOT = macosx;
			};
			name = Release;
		};
		94DEC6B01841940400463DAE /* Debug */ = {
			isa = XCBuildConfiguration;
			buildSettings = {
				ASSETCATALOG_COMPILER_APPICON_NAME = AppIcon;
				CLANG_ENABLE_OBJC_ARC = NO;
				COMBINE_HIDPI_IMAGES = YES;
				GCC_PRECOMPILE_PREFIX_HEADER = YES;
				GCC_PREFIX_HEADER = "litHeadbandSimulator/litHeadbandSimulator-Prefix.pch";
				INFOPLIST_FILE = "litHeadbandSimulator/litHeadbandSimulator-Info.plist";
				PRODUCT_NAME = "$(TARGET_NAME)";
				WRAPPER_EXTENSION = app;
			};
			name = Debug;
		};
		94DEC6B11841940400463DAE /* Release */ = {
			isa = XCBuildConfiguration;
			buildSettings = {
				ASSETCATALOG_COMPILER_APPICON_NAME = AppIcon;
				CLANG_ENABLE_OBJC_ARC = NO;
				COMBINE_HIDPI_IMAGES = YES;
				GCC_PRECOMPILE_PREFIX_HEADER = YES;
				GCC_PREFIX_HEADER = "litHeadbandSimulator/litHeadbandSimulator-Prefix.pch";
				INFOPLIST_FILE = "litHeadbandSimulator/litHeadbandSimulator-Info.plist";
				PRODUCT_NAME = "$(TARGET_NAME)";
				WRAPPER_EXTENSION = app;
			};
			name = Release;
		};
		94DEC6B31841940400463DAE /* Debug */ = {
			isa = XCBuildConfiguration;
			buildSettings = {
				BUNDLE_LOADER = "$(BUILT_PRODUCTS_DIR)/litHeadbandSimulator.app/Contents/MacOS/litHeadbandSimulator";
				COMBINE_HIDPI_IMAGES = YES;
				FRAMEWORK_SEARCH_PATHS = (
					"$(DEVELOPER_FRAMEWORKS_DIR)",
					"$(inherited)",
				);
				GCC_PRECOMPILE_PREFIX_HEADER = YES;
				GCC_PREFIX_HEADER = "litHeadbandSimulator/litHeadbandSimulator-Prefix.pch";
				GCC_PREPROCESSOR_DEFINITIONS = (
					"DEBUG=1",
					"$(inherited)",
				);
				INFOPLIST_FILE = "litHeadbandSimulatorTests/litHeadbandSimulatorTests-Info.plist";
				PRODUCT_NAME = "$(TARGET_NAME)";
				TEST_HOST = "$(BUNDLE_LOADER)";
				WRAPPER_EXTENSION = xctest;
			};
			name = Debug;
		};
		94DEC6B41841940400463DAE /* Release */ = {
			isa = XCBuildConfiguration;
			buildSettings = {
				BUNDLE_LOADER = "$(BUILT_PRODUCTS_DIR)/litHeadbandSimulator.app/Contents/MacOS/litHeadbandSimulator";
				COMBINE_HIDPI_IMAGES = YES;
				FRAMEWORK_SEARCH_PATHS = (
					"$(DEVELOPER_FRAMEWORKS_DIR)",
					"$(inherited)",
				);
				GCC_PRECOMPILE_PREFIX_HEADER = YES;
				GCC_PREFIX_HEADER = "litHeadbandSimulator/litHeadbandSimulator-Prefix.pch";
				INFOPLIST_FILE = "litHeadbandSimulatorTests/litHeadbandSimulatorTests-Info.plist";
				PRODUCT_NAME = "$(TARGET_NAME)";
				TEST_HOST = "$(BUNDLE_LOADER)";
				WRAPPER_EXTENSION = xctest;
			};
			name = Release;
		};
/* End XCBuildConfiguration section */

/* Begin XCConfigurationList section */
		94DEC6791841940400463DAE /* Build configuration list for PBXProject "litHeadbandSimulator" */ = {
			isa = XCConfigurationList;
			buildConfigurations = (
				94DEC6AD1841940400463DAE /* Debug */,
				94DEC6AE1841940400463DAE /* Release */,
			);
			defaultConfigurationIsVisible = 0;
			defaultConfigurationName = Release;
		};
		94DEC6AF1841940400463DAE /* Build configuration list for PBXNativeTarget "litHeadbandSimulator" */ = {
			isa = XCConfigurationList;
			buildConfigurations = (
				94DEC6B01841940400463DAE /* Debug */,
				94DEC6B11841940400463DAE /* Release */,
			);
			defaultConfigurationIsVisible = 0;
			defaultConfigurationName = Release;
		};
		94DEC6B21841940400463DAE /* Build configuration list for PBXNativeTarget "litHeadbandSimulatorTests" */ = {
			isa = XCConfigurationList;
			buildConfigurations = (
				94DEC6B31841940400463DAE /* Debug */,
				94DEC6B41841940400463DAE /* Release */,
			);
			defaultConfigurationIsVisible = 0;
			defaultConfigurationName = Release;
		};
/* End XCConfigurationList section */
	};
	rootObject = 94DEC6761841940400463DAE /* Project object */;
}
